// !$*UTF8*$!
{
	archiveVersion = 1;
	classes = {
	};
	objectVersion = 55;
	objects = {

/* Begin PBXBuildFile section */
		9A765F122780FC350062BB6F /* AddTrainingView.swift in Sources */ = {isa = PBXBuildFile; fileRef = 9A765F112780FC350062BB6F /* AddTrainingView.swift */; };
		9A765F1427812F040062BB6F /* MapAnnotationLocation.swift in Sources */ = {isa = PBXBuildFile; fileRef = 9A765F1327812F040062BB6F /* MapAnnotationLocation.swift */; };
		9A765F16278138FE0062BB6F /* RunMapMarkerView.swift in Sources */ = {isa = PBXBuildFile; fileRef = 9A765F15278138FE0062BB6F /* RunMapMarkerView.swift */; };
		9AA826E42780D812001EE70E /* AeroApp.swift in Sources */ = {isa = PBXBuildFile; fileRef = 9AA826E32780D812001EE70E /* AeroApp.swift */; };
		9AA826E62780D812001EE70E /* ContentView.swift in Sources */ = {isa = PBXBuildFile; fileRef = 9AA826E52780D812001EE70E /* ContentView.swift */; };
		9AA826E82780D814001EE70E /* Assets.xcassets in Resources */ = {isa = PBXBuildFile; fileRef = 9AA826E72780D814001EE70E /* Assets.xcassets */; };
		9AA826EB2780D814001EE70E /* Preview Assets.xcassets in Resources */ = {isa = PBXBuildFile; fileRef = 9AA826EA2780D814001EE70E /* Preview Assets.xcassets */; };
		9AA826ED2780D814001EE70E /* Persistence.swift in Sources */ = {isa = PBXBuildFile; fileRef = 9AA826EC2780D814001EE70E /* Persistence.swift */; };
		9AA826F02780D814001EE70E /* Aero.xcdatamodeld in Sources */ = {isa = PBXBuildFile; fileRef = 9AA826EE2780D814001EE70E /* Aero.xcdatamodeld */; };
		9AA826FB2780DA09001EE70E /* Constant.swift in Sources */ = {isa = PBXBuildFile; fileRef = 9AA826FA2780DA09001EE70E /* Constant.swift */; };
		9AA826FE2780DF2C001EE70E /* AllTrainingView.swift in Sources */ = {isa = PBXBuildFile; fileRef = 9AA826FD2780DF2C001EE70E /* AllTrainingView.swift */; };
		9AA827002780F524001EE70E /* TrainingDetailView.swift in Sources */ = {isa = PBXBuildFile; fileRef = 9AA826FF2780F523001EE70E /* TrainingDetailView.swift */; };
/* End PBXBuildFile section */

/* Begin PBXFileReference section */
		9A765F112780FC350062BB6F /* AddTrainingView.swift */ = {isa = PBXFileReference; lastKnownFileType = sourcecode.swift; path = AddTrainingView.swift; sourceTree = "<group>"; };
		9A765F1327812F040062BB6F /* MapAnnotationLocation.swift */ = {isa = PBXFileReference; lastKnownFileType = sourcecode.swift; path = MapAnnotationLocation.swift; sourceTree = "<group>"; };
		9A765F15278138FE0062BB6F /* RunMapMarkerView.swift */ = {isa = PBXFileReference; lastKnownFileType = sourcecode.swift; path = RunMapMarkerView.swift; sourceTree = "<group>"; };
		9AA826E02780D812001EE70E /* Aero.app */ = {isa = PBXFileReference; explicitFileType = wrapper.application; includeInIndex = 0; path = Aero.app; sourceTree = BUILT_PRODUCTS_DIR; };
		9AA826E32780D812001EE70E /* AeroApp.swift */ = {isa = PBXFileReference; lastKnownFileType = sourcecode.swift; path = AeroApp.swift; sourceTree = "<group>"; };
		9AA826E52780D812001EE70E /* ContentView.swift */ = {isa = PBXFileReference; lastKnownFileType = sourcecode.swift; path = ContentView.swift; sourceTree = "<group>"; };
		9AA826E72780D814001EE70E /* Assets.xcassets */ = {isa = PBXFileReference; lastKnownFileType = folder.assetcatalog; path = Assets.xcassets; sourceTree = "<group>"; };
		9AA826EA2780D814001EE70E /* Preview Assets.xcassets */ = {isa = PBXFileReference; lastKnownFileType = folder.assetcatalog; path = "Preview Assets.xcassets"; sourceTree = "<group>"; };
		9AA826EC2780D814001EE70E /* Persistence.swift */ = {isa = PBXFileReference; lastKnownFileType = sourcecode.swift; path = Persistence.swift; sourceTree = "<group>"; };
		9AA826EF2780D814001EE70E /* Aero.xcdatamodel */ = {isa = PBXFileReference; lastKnownFileType = wrapper.xcdatamodel; path = Aero.xcdatamodel; sourceTree = "<group>"; };
		9AA826FA2780DA09001EE70E /* Constant.swift */ = {isa = PBXFileReference; lastKnownFileType = sourcecode.swift; path = Constant.swift; sourceTree = "<group>"; };
		9AA826FD2780DF2C001EE70E /* AllTrainingView.swift */ = {isa = PBXFileReference; lastKnownFileType = sourcecode.swift; path = AllTrainingView.swift; sourceTree = "<group>"; };
		9AA826FF2780F523001EE70E /* TrainingDetailView.swift */ = {isa = PBXFileReference; lastKnownFileType = sourcecode.swift; path = TrainingDetailView.swift; sourceTree = "<group>"; };
/* End PBXFileReference section */

/* Begin PBXFrameworksBuildPhase section */
		9AA826DD2780D812001EE70E /* Frameworks */ = {
			isa = PBXFrameworksBuildPhase;
			buildActionMask = 2147483647;
			files = (
			);
			runOnlyForDeploymentPostprocessing = 0;
		};
/* End PBXFrameworksBuildPhase section */

/* Begin PBXGroup section */
		9AA826D72780D812001EE70E = {
			isa = PBXGroup;
			children = (
				9AA826E22780D812001EE70E /* Aero */,
				9AA826E12780D812001EE70E /* Products */,
			);
			sourceTree = "<group>";
		};
		9AA826E12780D812001EE70E /* Products */ = {
			isa = PBXGroup;
			children = (
				9AA826E02780D812001EE70E /* Aero.app */,
			);
			name = Products;
			sourceTree = "<group>";
		};
		9AA826E22780D812001EE70E /* Aero */ = {
			isa = PBXGroup;
			children = (
				9AA826FC2780DF12001EE70E /* Screen */,
				9AA826F82780D850001EE70E /* Utility */,
				9AA826F72780D845001EE70E /* View */,
				9AA826F62780D835001EE70E /* Model */,
				9AA826E72780D814001EE70E /* Assets.xcassets */,
				9AA826E92780D814001EE70E /* Preview Content */,
			);
			path = Aero;
			sourceTree = "<group>";
		};
		9AA826E92780D814001EE70E /* Preview Content */ = {
			isa = PBXGroup;
			children = (
				9AA826EA2780D814001EE70E /* Preview Assets.xcassets */,
			);
			path = "Preview Content";
			sourceTree = "<group>";
		};
		9AA826F62780D835001EE70E /* Model */ = {
			isa = PBXGroup;
			children = (
				9AA826EC2780D814001EE70E /* Persistence.swift */,
				9AA826EE2780D814001EE70E /* Aero.xcdatamodeld */,
				9A765F1327812F040062BB6F /* MapAnnotationLocation.swift */,
			);
			path = Model;
			sourceTree = "<group>";
		};
		9AA826F72780D845001EE70E /* View */ = {
			isa = PBXGroup;
			children = (
				9AA826E52780D812001EE70E /* ContentView.swift */,
				9AA826FD2780DF2C001EE70E /* AllTrainingView.swift */,
				9AA826FF2780F523001EE70E /* TrainingDetailView.swift */,
				9A765F112780FC350062BB6F /* AddTrainingView.swift */,
				9A765F15278138FE0062BB6F /* RunMapMarkerView.swift */,
			);
			path = View;
			sourceTree = "<group>";
		};
		9AA826F82780D850001EE70E /* Utility */ = {
			isa = PBXGroup;
			children = (
				9AA826FA2780DA09001EE70E /* Constant.swift */,
			);
			path = Utility;
			sourceTree = "<group>";
		};
		9AA826FC2780DF12001EE70E /* Screen */ = {
			isa = PBXGroup;
			children = (
				9AA826E32780D812001EE70E /* AeroApp.swift */,
			);
			path = Screen;
			sourceTree = "<group>";
		};
/* End PBXGroup section */

/* Begin PBXNativeTarget section */
		9AA826DF2780D812001EE70E /* Aero */ = {
			isa = PBXNativeTarget;
			buildConfigurationList = 9AA826F32780D814001EE70E /* Build configuration list for PBXNativeTarget "Aero" */;
			buildPhases = (
				9AA826DC2780D812001EE70E /* Sources */,
				9AA826DD2780D812001EE70E /* Frameworks */,
				9AA826DE2780D812001EE70E /* Resources */,
			);
			buildRules = (
			);
			dependencies = (
			);
			name = Aero;
			productName = Aero;
			productReference = 9AA826E02780D812001EE70E /* Aero.app */;
			productType = "com.apple.product-type.application";
		};
/* End PBXNativeTarget section */

/* Begin PBXProject section */
		9AA826D82780D812001EE70E /* Project object */ = {
			isa = PBXProject;
			attributes = {
				BuildIndependentTargetsInParallel = 1;
				LastSwiftUpdateCheck = 1320;
				LastUpgradeCheck = 1320;
				TargetAttributes = {
					9AA826DF2780D812001EE70E = {
						CreatedOnToolsVersion = 13.2.1;
					};
				};
			};
			buildConfigurationList = 9AA826DB2780D812001EE70E /* Build configuration list for PBXProject "Aero" */;
			compatibilityVersion = "Xcode 13.0";
			developmentRegion = en;
			hasScannedForEncodings = 0;
			knownRegions = (
				en,
				Base,
			);
			mainGroup = 9AA826D72780D812001EE70E;
			productRefGroup = 9AA826E12780D812001EE70E /* Products */;
			projectDirPath = "";
			projectRoot = "";
			targets = (
				9AA826DF2780D812001EE70E /* Aero */,
			);
		};
/* End PBXProject section */

/* Begin PBXResourcesBuildPhase section */
		9AA826DE2780D812001EE70E /* Resources */ = {
			isa = PBXResourcesBuildPhase;
			buildActionMask = 2147483647;
			files = (
				9AA826EB2780D814001EE70E /* Preview Assets.xcassets in Resources */,
				9AA826E82780D814001EE70E /* Assets.xcassets in Resources */,
			);
			runOnlyForDeploymentPostprocessing = 0;
		};
/* End PBXResourcesBuildPhase section */

/* Begin PBXSourcesBuildPhase section */
		9AA826DC2780D812001EE70E /* Sources */ = {
			isa = PBXSourcesBuildPhase;
			buildActionMask = 2147483647;
			files = (
				9A765F122780FC350062BB6F /* AddTrainingView.swift in Sources */,
				9AA826FE2780DF2C001EE70E /* AllTrainingView.swift in Sources */,
				9AA826F02780D814001EE70E /* Aero.xcdatamodeld in Sources */,
				9AA826ED2780D814001EE70E /* Persistence.swift in Sources */,
				9AA826FB2780DA09001EE70E /* Constant.swift in Sources */,
				9A765F16278138FE0062BB6F /* RunMapMarkerView.swift in Sources */,
				9A765F1427812F040062BB6F /* MapAnnotationLocation.swift in Sources */,
				9AA826E62780D812001EE70E /* ContentView.swift in Sources */,
				9AA827002780F524001EE70E /* TrainingDetailView.swift in Sources */,
				9AA826E42780D812001EE70E /* AeroApp.swift in Sources */,
			);
			runOnlyForDeploymentPostprocessing = 0;
		};
/* End PBXSourcesBuildPhase section */

/* Begin XCBuildConfiguration section */
		9AA826F12780D814001EE70E /* Debug */ = {
			isa = XCBuildConfiguration;
			buildSettings = {
				ALWAYS_SEARCH_USER_PATHS = NO;
				CLANG_ANALYZER_NONNULL = YES;
				CLANG_ANALYZER_NUMBER_OBJECT_CONVERSION = YES_AGGRESSIVE;
				CLANG_CXX_LANGUAGE_STANDARD = "gnu++17";
				CLANG_CXX_LIBRARY = "libc++";
				CLANG_ENABLE_MODULES = YES;
				CLANG_ENABLE_OBJC_ARC = YES;
				CLANG_ENABLE_OBJC_WEAK = YES;
				CLANG_WARN_BLOCK_CAPTURE_AUTORELEASING = YES;
				CLANG_WARN_BOOL_CONVERSION = YES;
				CLANG_WARN_COMMA = YES;
				CLANG_WARN_CONSTANT_CONVERSION = YES;
				CLANG_WARN_DEPRECATED_OBJC_IMPLEMENTATIONS = YES;
				CLANG_WARN_DIRECT_OBJC_ISA_USAGE = YES_ERROR;
				CLANG_WARN_DOCUMENTATION_COMMENTS = YES;
				CLANG_WARN_EMPTY_BODY = YES;
				CLANG_WARN_ENUM_CONVERSION = YES;
				CLANG_WARN_INFINITE_RECURSION = YES;
				CLANG_WARN_INT_CONVERSION = YES;
				CLANG_WARN_NON_LITERAL_NULL_CONVERSION = YES;
				CLANG_WARN_OBJC_IMPLICIT_RETAIN_SELF = YES;
				CLANG_WARN_OBJC_LITERAL_CONVERSION = YES;
				CLANG_WARN_OBJC_ROOT_CLASS = YES_ERROR;
				CLANG_WARN_QUOTED_INCLUDE_IN_FRAMEWORK_HEADER = YES;
				CLANG_WARN_RANGE_LOOP_ANALYSIS = YES;
				CLANG_WARN_STRICT_PROTOTYPES = YES;
				CLANG_WARN_SUSPICIOUS_MOVE = YES;
				CLANG_WARN_UNGUARDED_AVAILABILITY = YES_AGGRESSIVE;
				CLANG_WARN_UNREACHABLE_CODE = YES;
				CLANG_WARN__DUPLICATE_METHOD_MATCH = YES;
				COPY_PHASE_STRIP = NO;
				DEBUG_INFORMATION_FORMAT = dwarf;
				ENABLE_STRICT_OBJC_MSGSEND = YES;
				ENABLE_TESTABILITY = YES;
				GCC_C_LANGUAGE_STANDARD = gnu11;
				GCC_DYNAMIC_NO_PIC = NO;
				GCC_NO_COMMON_BLOCKS = YES;
				GCC_OPTIMIZATION_LEVEL = 0;
				GCC_PREPROCESSOR_DEFINITIONS = (
					"DEBUG=1",
					"$(inherited)",
				);
				GCC_WARN_64_TO_32_BIT_CONVERSION = YES;
				GCC_WARN_ABOUT_RETURN_TYPE = YES_ERROR;
				GCC_WARN_UNDECLARED_SELECTOR = YES;
				GCC_WARN_UNINITIALIZED_AUTOS = YES_AGGRESSIVE;
				GCC_WARN_UNUSED_FUNCTION = YES;
				GCC_WARN_UNUSED_VARIABLE = YES;
				IPHONEOS_DEPLOYMENT_TARGET = 15.2;
				MTL_ENABLE_DEBUG_INFO = INCLUDE_SOURCE;
				MTL_FAST_MATH = YES;
				ONLY_ACTIVE_ARCH = YES;
				SDKROOT = iphoneos;
				SWIFT_ACTIVE_COMPILATION_CONDITIONS = DEBUG;
				SWIFT_OPTIMIZATION_LEVEL = "-Onone";
			};
			name = Debug;
		};
		9AA826F22780D814001EE70E /* Release */ = {
			isa = XCBuildConfiguration;
			buildSettings = {
				ALWAYS_SEARCH_USER_PATHS = NO;
				CLANG_ANALYZER_NONNULL = YES;
				CLANG_ANALYZER_NUMBER_OBJECT_CONVERSION = YES_AGGRESSIVE;
				CLANG_CXX_LANGUAGE_STANDARD = "gnu++17";
				CLANG_CXX_LIBRARY = "libc++";
				CLANG_ENABLE_MODULES = YES;
				CLANG_ENABLE_OBJC_ARC = YES;
				CLANG_ENABLE_OBJC_WEAK = YES;
				CLANG_WARN_BLOCK_CAPTURE_AUTORELEASING = YES;
				CLANG_WARN_BOOL_CONVERSION = YES;
				CLANG_WARN_COMMA = YES;
				CLANG_WARN_CONSTANT_CONVERSION = YES;
				CLANG_WARN_DEPRECATED_OBJC_IMPLEMENTATIONS = YES;
				CLANG_WARN_DIRECT_OBJC_ISA_USAGE = YES_ERROR;
				CLANG_WARN_DOCUMENTATION_COMMENTS = YES;
				CLANG_WARN_EMPTY_BODY = YES;
				CLANG_WARN_ENUM_CONVERSION = YES;
				CLANG_WARN_INFINITE_RECURSION = YES;
				CLANG_WARN_INT_CONVERSION = YES;
				CLANG_WARN_NON_LITERAL_NULL_CONVERSION = YES;
				CLANG_WARN_OBJC_IMPLICIT_RETAIN_SELF = YES;
				CLANG_WARN_OBJC_LITERAL_CONVERSION = YES;
				CLANG_WARN_OBJC_ROOT_CLASS = YES_ERROR;
				CLANG_WARN_QUOTED_INCLUDE_IN_FRAMEWORK_HEADER = YES;
				CLANG_WARN_RANGE_LOOP_ANALYSIS = YES;
				CLANG_WARN_STRICT_PROTOTYPES = YES;
				CLANG_WARN_SUSPICIOUS_MOVE = YES;
				CLANG_WARN_UNGUARDED_AVAILABILITY = YES_AGGRESSIVE;
				CLANG_WARN_UNREACHABLE_CODE = YES;
				CLANG_WARN__DUPLICATE_METHOD_MATCH = YES;
				COPY_PHASE_STRIP = NO;
				DEBUG_INFORMATION_FORMAT = "dwarf-with-dsym";
				ENABLE_NS_ASSERTIONS = NO;
				ENABLE_STRICT_OBJC_MSGSEND = YES;
				GCC_C_LANGUAGE_STANDARD = gnu11;
				GCC_NO_COMMON_BLOCKS = YES;
				GCC_WARN_64_TO_32_BIT_CONVERSION = YES;
				GCC_WARN_ABOUT_RETURN_TYPE = YES_ERROR;
				GCC_WARN_UNDECLARED_SELECTOR = YES;
				GCC_WARN_UNINITIALIZED_AUTOS = YES_AGGRESSIVE;
				GCC_WARN_UNUSED_FUNCTION = YES;
				GCC_WARN_UNUSED_VARIABLE = YES;
				IPHONEOS_DEPLOYMENT_TARGET = 15.2;
				MTL_ENABLE_DEBUG_INFO = NO;
				MTL_FAST_MATH = YES;
				SDKROOT = iphoneos;
				SWIFT_COMPILATION_MODE = wholemodule;
				SWIFT_OPTIMIZATION_LEVEL = "-O";
				VALIDATE_PRODUCT = YES;
			};
			name = Release;
		};
		9AA826F42780D814001EE70E /* Debug */ = {
			isa = XCBuildConfiguration;
			buildSettings = {
				ASSETCATALOG_COMPILER_APPICON_NAME = AppIcon;
				ASSETCATALOG_COMPILER_GLOBAL_ACCENT_COLOR_NAME = AccentColor;
				CODE_SIGN_STYLE = Automatic;
				CURRENT_PROJECT_VERSION = 1;
				DEVELOPMENT_ASSET_PATHS = "\"Aero/Preview Content\"";
				DEVELOPMENT_TEAM = 32GNF43U3H;
				ENABLE_PREVIEWS = YES;
				GENERATE_INFOPLIST_FILE = YES;
				INFOPLIST_KEY_UIApplicationSceneManifest_Generation = YES;
				INFOPLIST_KEY_UIApplicationSupportsIndirectInputEvents = YES;
				INFOPLIST_KEY_UILaunchScreen_Generation = YES;
				INFOPLIST_KEY_UISupportedInterfaceOrientations_iPad = "UIInterfaceOrientationPortrait UIInterfaceOrientationPortraitUpsideDown UIInterfaceOrientationLandscapeLeft UIInterfaceOrientationLandscapeRight";
				INFOPLIST_KEY_UISupportedInterfaceOrientations_iPhone = "UIInterfaceOrientationPortrait UIInterfaceOrientationLandscapeLeft UIInterfaceOrientationLandscapeRight";
				LD_RUNPATH_SEARCH_PATHS = (
					"$(inherited)",
					"@executable_path/Frameworks",
				);
				MARKETING_VERSION = 1.0;
				PRODUCT_BUNDLE_IDENTIFIER = Trident.Aero;
				PRODUCT_NAME = "$(TARGET_NAME)";
				SWIFT_EMIT_LOC_STRINGS = YES;
				SWIFT_VERSION = 5.0;
				TARGETED_DEVICE_FAMILY = "1,2";
			};
			name = Debug;
		};
		9AA826F52780D814001EE70E /* Release */ = {
			isa = XCBuildConfiguration;
			buildSettings = {
				ASSETCATALOG_COMPILER_APPICON_NAME = AppIcon;
				ASSETCATALOG_COMPILER_GLOBAL_ACCENT_COLOR_NAME = AccentColor;
				CODE_SIGN_STYLE = Automatic;
				CURRENT_PROJECT_VERSION = 1;
				DEVELOPMENT_ASSET_PATHS = "\"Aero/Preview Content\"";
				DEVELOPMENT_TEAM = 32GNF43U3H;
				ENABLE_PREVIEWS = YES;
				GENERATE_INFOPLIST_FILE = YES;
				INFOPLIST_KEY_UIApplicationSceneManifest_Generation = YES;
				INFOPLIST_KEY_UIApplicationSupportsIndirectInputEvents = YES;
				INFOPLIST_KEY_UILaunchScreen_Generation = YES;
				INFOPLIST_KEY_UISupportedInterfaceOrientations_iPad = "UIInterfaceOrientationPortrait UIInterfaceOrientationPortraitUpsideDown UIInterfaceOrientationLandscapeLeft UIInterfaceOrientationLandscapeRight";
				INFOPLIST_KEY_UISupportedInterfaceOrientations_iPhone = "UIInterfaceOrientationPortrait UIInterfaceOrientationLandscapeLeft UIInterfaceOrientationLandscapeRight";
				LD_RUNPATH_SEARCH_PATHS = (
					"$(inherited)",
					"@executable_path/Frameworks",
				);
				MARKETING_VERSION = 1.0;
				PRODUCT_BUNDLE_IDENTIFIER = Trident.Aero;
				PRODUCT_NAME = "$(TARGET_NAME)";
				SWIFT_EMIT_LOC_STRINGS = YES;
				SWIFT_VERSION = 5.0;
				TARGETED_DEVICE_FAMILY = "1,2";
			};
			name = Release;
		};
/* End XCBuildConfiguration section */

/* Begin XCConfigurationList section */
		9AA826DB2780D812001EE70E /* Build configuration list for PBXProject "Aero" */ = {
			isa = XCConfigurationList;
			buildConfigurations = (
				9AA826F12780D814001EE70E /* Debug */,
				9AA826F22780D814001EE70E /* Release */,
			);
			defaultConfigurationIsVisible = 0;
			defaultConfigurationName = Release;
		};
		9AA826F32780D814001EE70E /* Build configuration list for PBXNativeTarget "Aero" */ = {
			isa = XCConfigurationList;
			buildConfigurations = (
				9AA826F42780D814001EE70E /* Debug */,
				9AA826F52780D814001EE70E /* Release */,
			);
			defaultConfigurationIsVisible = 0;
			defaultConfigurationName = Release;
		};
/* End XCConfigurationList section */

/* Begin XCVersionGroup section */
		9AA826EE2780D814001EE70E /* Aero.xcdatamodeld */ = {
			isa = XCVersionGroup;
			children = (
				9AA826EF2780D814001EE70E /* Aero.xcdatamodel */,
			);
			currentVersion = 9AA826EF2780D814001EE70E /* Aero.xcdatamodel */;
			path = Aero.xcdatamodeld;
			sourceTree = "<group>";
			versionGroupType = wrapper.xcdatamodel;
		};
/* End XCVersionGroup section */
	};
	rootObject = 9AA826D82780D812001EE70E /* Project object */;
}
